
Microsoft Visual Studio Solution File, Format Version 12.00
# Visual Studio Version 17
VisualStudioVersion = 17.0.32126.317
MinimumVisualStudioVersion = 10.0.40219.1
Project("{2150E333-8FDC-42A3-9474-1A3956D46DE8}") = "Services", "Services", "{B3DC4FA5-B558-445C-8EC0-C636AC910EBA}"
EndProject
Project("{2150E333-8FDC-42A3-9474-1A3956D46DE8}") = "Catalog", "Catalog", "{33254614-F018-4360-AD4E-D82ACE4CD7E4}"
EndProject
Project("{9A19103F-16F7-4668-BE54-9A1E7A4F7556}") = "Catalog.API", "Services\Catalog\Catalog.API\Catalog.API.csproj", "{8F86641C-A4D0-4F0C-94A8-C65D153A39BD}"
EndProject
Project("{E53339B2-1760-4266-BCC7-CA923CBCF16C}") = "docker-compose", "docker-compose.dcproj", "{45579DA7-CE27-4E97-9C4C-D72DDB0F8D6C}"
EndProject
Project("{2150E333-8FDC-42A3-9474-1A3956D46DE8}") = "Basket", "Basket", "{3ABC6F52-7991-4A3B-B4E6-05563659911F}"
EndProject
Project("{9A19103F-16F7-4668-BE54-9A1E7A4F7556}") = "Basket.API", "Services\Basket\Basket\Basket.API.csproj", "{FE845EB9-A0EC-4A1A-8DF1-F45D296E2796}"
EndProject
Project("{2150E333-8FDC-42A3-9474-1A3956D46DE8}") = "Discount", "Discount", "{6FF8EE18-443A-4271-B323-CACFB38FCDE5}"
EndProject
Project("{FAE04EC0-301F-11D3-BF4B-00C04F79EFBC}") = "Discount.API", "Services\Discount\Discount.API\Discount.API.csproj", "{D0EC7A33-CA15-44B4-8F5B-DC869279E18E}"
EndProject
Global
	GlobalSection(SolutionConfigurationPlatforms) = preSolution
		Debug|Any CPU = Debug|Any CPU
		Release|Any CPU = Release|Any CPU
	EndGlobalSection
	GlobalSection(ProjectConfigurationPlatforms) = postSolution
		{8F86641C-A4D0-4F0C-94A8-C65D153A39BD}.Debug|Any CPU.ActiveCfg = Debug|Any CPU
		{8F86641C-A4D0-4F0C-94A8-C65D153A39BD}.Debug|Any CPU.Build.0 = Debug|Any CPU
		{8F86641C-A4D0-4F0C-94A8-C65D153A39BD}.Release|Any CPU.ActiveCfg = Release|Any CPU
		{8F86641C-A4D0-4F0C-94A8-C65D153A39BD}.Release|Any CPU.Build.0 = Release|Any CPU
		{45579DA7-CE27-4E97-9C4C-D72DDB0F8D6C}.Debug|Any CPU.ActiveCfg = Debug|Any CPU
		{45579DA7-CE27-4E97-9C4C-D72DDB0F8D6C}.Debug|Any CPU.Build.0 = Debug|Any CPU
		{45579DA7-CE27-4E97-9C4C-D72DDB0F8D6C}.Release|Any CPU.ActiveCfg = Release|Any CPU
		{45579DA7-CE27-4E97-9C4C-D72DDB0F8D6C}.Release|Any CPU.Build.0 = Release|Any CPU
		{FE845EB9-A0EC-4A1A-8DF1-F45D296E2796}.Debug|Any CPU.ActiveCfg = Debug|Any CPU
		{FE845EB9-A0EC-4A1A-8DF1-F45D296E2796}.Debug|Any CPU.Build.0 = Debug|Any CPU
		{FE845EB9-A0EC-4A1A-8DF1-F45D296E2796}.Release|Any CPU.ActiveCfg = Release|Any CPU
		{FE845EB9-A0EC-4A1A-8DF1-F45D296E2796}.Release|Any CPU.Build.0 = Release|Any CPU
		{D0EC7A33-CA15-44B4-8F5B-DC869279E18E}.Debug|Any CPU.ActiveCfg = Debug|Any CPU
		{D0EC7A33-CA15-44B4-8F5B-DC869279E18E}.Debug|Any CPU.Build.0 = Debug|Any CPU
		{D0EC7A33-CA15-44B4-8F5B-DC869279E18E}.Release|Any CPU.ActiveCfg = Release|Any CPU
		{D0EC7A33-CA15-44B4-8F5B-DC869279E18E}.Release|Any CPU.Build.0 = Release|Any CPU
	EndGlobalSection
	GlobalSection(SolutionProperties) = preSolution
		HideSolutionNode = FALSE
	EndGlobalSection
	GlobalSection(NestedProjects) = preSolution
		{33254614-F018-4360-AD4E-D82ACE4CD7E4} = {B3DC4FA5-B558-445C-8EC0-C636AC910EBA}
		{8F86641C-A4D0-4F0C-94A8-C65D153A39BD} = {33254614-F018-4360-AD4E-D82ACE4CD7E4}
		{3ABC6F52-7991-4A3B-B4E6-05563659911F} = {B3DC4FA5-B558-445C-8EC0-C636AC910EBA}
		{FE845EB9-A0EC-4A1A-8DF1-F45D296E2796} = {3ABC6F52-7991-4A3B-B4E6-05563659911F}
		{6FF8EE18-443A-4271-B323-CACFB38FCDE5} = {B3DC4FA5-B558-445C-8EC0-C636AC910EBA}
		{D0EC7A33-CA15-44B4-8F5B-DC869279E18E} = {6FF8EE18-443A-4271-B323-CACFB38FCDE5}
	EndGlobalSection
	GlobalSection(ExtensibilityGlobals) = postSolution
		SolutionGuid = {C56D6631-C3FE-4D42-9136-8E2144387057}
	EndGlobalSection
EndGlobal
